{
  "requires": true,
  "lockfileVersion": 1,
  "dependencies": {
    "startbootstrap-freelancer": {
      "version": "4.0.0-alpha",
      "resolved": "https://registry.npmjs.org/startbootstrap-freelancer/-/startbootstrap-freelancer-4.0.0-alpha.tgz",
      "integrity": "sha1-4AWyiFPqK4vkLrcFqHufftFEGY4="
    }
  }
}
